
Microsoft Visual Studio Solution File, Format Version 12.00
# Visual Studio Version 17
VisualStudioVersion = 17.4.33213.308
MinimumVisualStudioVersion = 10.0.40219.1
Project("{FAE04EC0-301F-11D3-BF4B-00C04F79EFBC}") = "Attractie-Checker", "Attractie-Checker.csproj", "{EDE8C1CF-3288-4273-8B49-90E752EF20DE}"
EndProject
Global
	GlobalSection(SolutionConfigurationPlatforms) = preSolution
		Debug|Any CPU = Debug|Any CPU
		Release|Any CPU = Release|Any CPU
	EndGlobalSection
	GlobalSection(ProjectConfigurationPlatforms) = postSolution
		{EDE8C1CF-3288-4273-8B49-90E752EF20DE}.Debug|Any CPU.ActiveCfg = Debug|Any CPU
		{EDE8C1CF-3288-4273-8B49-90E752EF20DE}.Debug|Any CPU.Build.0 = Debug|Any CPU
		{EDE8C1CF-3288-4273-8B49-90E752EF20DE}.Release|Any CPU.ActiveCfg = Release|Any CPU
		{EDE8C1CF-3288-4273-8B49-90E752EF20DE}.Release|Any CPU.Build.0 = Release|Any CPU
	EndGlobalSection
	GlobalSection(SolutionProperties) = preSolution
		HideSolutionNode = FALSE
	EndGlobalSection
	GlobalSection(ExtensibilityGlobals) = postSolution
		SolutionGuid = {2EDB0484-05B2-47C8-86A8-BD1EB36A1CED}
	EndGlobalSection
EndGlobal
